
Microsoft Visual Studio Solution File, Format Version 12.00
# Visual Studio 2013
VisualStudioVersion = 12.0.21005.1
MinimumVisualStudioVersion = 10.0.40219.1
Project("{FAE04EC0-301F-11D3-BF4B-00C04F79EFBC}") = "MvcApp", "MvcApp\MvcApp.csproj", "{4C9B6111-5DDF-44CF-89F4-9D23AA81641B}"
EndProject
Project("{FAE04EC0-301F-11D3-BF4B-00C04F79EFBC}") = "MvcApp.Tests", "MvcApp.Tests\MvcApp.Tests.csproj", "{77241B08-C5E9-4658-A3EA-393D9CC16420}"
EndProject
Global
	GlobalSection(SolutionConfigurationPlatforms) = preSolution
		Debug|Any CPU = Debug|Any CPU
		Release|Any CPU = Release|Any CPU
	EndGlobalSection
	GlobalSection(ProjectConfigurationPlatforms) = postSolution
		{4C9B6111-5DDF-44CF-89F4-9D23AA81641B}.Debug|Any CPU.ActiveCfg = Debug|Any CPU
		{4C9B6111-5DDF-44CF-89F4-9D23AA81641B}.Debug|Any CPU.Build.0 = Debug|Any CPU
		{4C9B6111-5DDF-44CF-89F4-9D23AA81641B}.Release|Any CPU.ActiveCfg = Release|Any CPU
		{4C9B6111-5DDF-44CF-89F4-9D23AA81641B}.Release|Any CPU.Build.0 = Release|Any CPU
		{77241B08-C5E9-4658-A3EA-393D9CC16420}.Debug|Any CPU.ActiveCfg = Debug|Any CPU
		{77241B08-C5E9-4658-A3EA-393D9CC16420}.Debug|Any CPU.Build.0 = Debug|Any CPU
		{77241B08-C5E9-4658-A3EA-393D9CC16420}.Release|Any CPU.ActiveCfg = Release|Any CPU
		{77241B08-C5E9-4658-A3EA-393D9CC16420}.Release|Any CPU.Build.0 = Release|Any CPU
	EndGlobalSection
	GlobalSection(SolutionProperties) = preSolution
		HideSolutionNode = FALSE
	EndGlobalSection
EndGlobal
